// !$*UTF8*$!
{
	archiveVersion = 1;
	classes = {
	};
	objectVersion = 46;
	objects = {

/* Begin PBXBuildFile section */
		F75A97FB1708048900B8F330 /* PanicRoom.m in Sources */ = {isa = PBXBuildFile; fileRef = F75A97FA1708048900B8F330 /* PanicRoom.m */; };
		F75A97FE1708058600B8F330 /* PanicButton.m in Sources */ = {isa = PBXBuildFile; fileRef = F75A97FD1708058600B8F330 /* PanicButton.m */; };
		F75A9801170805BA00B8F330 /* VolumeKnob.m in Sources */ = {isa = PBXBuildFile; fileRef = F75A9800170805BA00B8F330 /* VolumeKnob.m */; };
		F75A98031708C37C00B8F330 /* IOKit.framework in Frameworks */ = {isa = PBXBuildFile; fileRef = F75A98021708C37C00B8F330 /* IOKit.framework */; };
		F75A98051708C38800B8F330 /* CoreAudio.framework in Frameworks */ = {isa = PBXBuildFile; fileRef = F75A98041708C38800B8F330 /* CoreAudio.framework */; };
		F7648A10170D2B90001357A0 /* ASIDataCompressor.m in Sources */ = {isa = PBXBuildFile; fileRef = F7648A00170D2B90001357A0 /* ASIDataCompressor.m */; };
		F7648A11170D2B90001357A0 /* ASIDataDecompressor.m in Sources */ = {isa = PBXBuildFile; fileRef = F7648A02170D2B90001357A0 /* ASIDataDecompressor.m */; };
		F7648A12170D2B90001357A0 /* ASIDownloadCache.m in Sources */ = {isa = PBXBuildFile; fileRef = F7648A04170D2B90001357A0 /* ASIDownloadCache.m */; };
		F7648A13170D2B90001357A0 /* ASIFormDataRequest.m in Sources */ = {isa = PBXBuildFile; fileRef = F7648A06170D2B90001357A0 /* ASIFormDataRequest.m */; };
		F7648A14170D2B90001357A0 /* ASIHTTPRequest.m in Sources */ = {isa = PBXBuildFile; fileRef = F7648A08170D2B90001357A0 /* ASIHTTPRequest.m */; };
		F7648A15170D2B90001357A0 /* ASIInputStream.m in Sources */ = {isa = PBXBuildFile; fileRef = F7648A0C170D2B90001357A0 /* ASIInputStream.m */; };
		F7648A16170D2B90001357A0 /* ASINetworkQueue.m in Sources */ = {isa = PBXBuildFile; fileRef = F7648A0E170D2B90001357A0 /* ASINetworkQueue.m */; };
		F7648A1A170D2BAA001357A0 /* SystemConfiguration.framework in Frameworks */ = {isa = PBXBuildFile; fileRef = F7648A19170D2BAA001357A0 /* SystemConfiguration.framework */; };
		F7648A20170D2C2F001357A0 /* CoreServices.framework in Frameworks */ = {isa = PBXBuildFile; fileRef = F7648A1F170D2C2F001357A0 /* CoreServices.framework */; };
		F7648A21170D2C4F001357A0 /* libz.dylib in Frameworks */ = {isa = PBXBuildFile; fileRef = F7648A1D170D2BE6001357A0 /* libz.dylib */; };
		F7F2B94E16FD58B100800DA5 /* Cocoa.framework in Frameworks */ = {isa = PBXBuildFile; fileRef = F7F2B94D16FD58B100800DA5 /* Cocoa.framework */; };
		F7F2B95816FD58B100800DA5 /* InfoPlist.strings in Resources */ = {isa = PBXBuildFile; fileRef = F7F2B95616FD58B100800DA5 /* InfoPlist.strings */; };
		F7F2B95A16FD58B100800DA5 /* main.m in Sources */ = {isa = PBXBuildFile; fileRef = F7F2B95916FD58B100800DA5 /* main.m */; };
		F7F2B95E16FD58B100800DA5 /* Credits.rtf in Resources */ = {isa = PBXBuildFile; fileRef = F7F2B95C16FD58B100800DA5 /* Credits.rtf */; };
		F7F2B96116FD58B100800DA5 /* AppDelegate.m in Sources */ = {isa = PBXBuildFile; fileRef = F7F2B96016FD58B100800DA5 /* AppDelegate.m */; };
		F7F2B96416FD58B100800DA5 /* MainMenu.xib in Resources */ = {isa = PBXBuildFile; fileRef = F7F2B96216FD58B100800DA5 /* MainMenu.xib */; };
/* End PBXBuildFile section */

/* Begin PBXFileReference section */
		F75A97F91708048900B8F330 /* PanicRoom.h */ = {isa = PBXFileReference; fileEncoding = 4; lastKnownFileType = sourcecode.c.h; path = PanicRoom.h; sourceTree = "<group>"; };
		F75A97FA1708048900B8F330 /* PanicRoom.m */ = {isa = PBXFileReference; fileEncoding = 4; lastKnownFileType = sourcecode.c.objc; path = PanicRoom.m; sourceTree = "<group>"; };
		F75A97FC1708058600B8F330 /* PanicButton.h */ = {isa = PBXFileReference; fileEncoding = 4; lastKnownFileType = sourcecode.c.h; path = PanicButton.h; sourceTree = "<group>"; };
		F75A97FD1708058600B8F330 /* PanicButton.m */ = {isa = PBXFileReference; fileEncoding = 4; lastKnownFileType = sourcecode.c.objc; path = PanicButton.m; sourceTree = "<group>"; };
		F75A97FF170805BA00B8F330 /* VolumeKnob.h */ = {isa = PBXFileReference; fileEncoding = 4; lastKnownFileType = sourcecode.c.h; path = VolumeKnob.h; sourceTree = "<group>"; };
		F75A9800170805BA00B8F330 /* VolumeKnob.m */ = {isa = PBXFileReference; fileEncoding = 4; lastKnownFileType = sourcecode.c.objc; path = VolumeKnob.m; sourceTree = "<group>"; };
		F75A98021708C37C00B8F330 /* IOKit.framework */ = {isa = PBXFileReference; lastKnownFileType = wrapper.framework; name = IOKit.framework; path = System/Library/Frameworks/IOKit.framework; sourceTree = SDKROOT; };
		F75A98041708C38800B8F330 /* CoreAudio.framework */ = {isa = PBXFileReference; lastKnownFileType = wrapper.framework; name = CoreAudio.framework; path = System/Library/Frameworks/CoreAudio.framework; sourceTree = SDKROOT; };
		F76489FE170D2B90001357A0 /* ASICacheDelegate.h */ = {isa = PBXFileReference; fileEncoding = 4; lastKnownFileType = sourcecode.c.h; path = ASICacheDelegate.h; sourceTree = "<group>"; };
		F76489FF170D2B90001357A0 /* ASIDataCompressor.h */ = {isa = PBXFileReference; fileEncoding = 4; lastKnownFileType = sourcecode.c.h; path = ASIDataCompressor.h; sourceTree = "<group>"; };
		F7648A00170D2B90001357A0 /* ASIDataCompressor.m */ = {isa = PBXFileReference; fileEncoding = 4; lastKnownFileType = sourcecode.c.objc; path = ASIDataCompressor.m; sourceTree = "<group>"; };
		F7648A01170D2B90001357A0 /* ASIDataDecompressor.h */ = {isa = PBXFileReference; fileEncoding = 4; lastKnownFileType = sourcecode.c.h; path = ASIDataDecompressor.h; sourceTree = "<group>"; };
		F7648A02170D2B90001357A0 /* ASIDataDecompressor.m */ = {isa = PBXFileReference; fileEncoding = 4; lastKnownFileType = sourcecode.c.objc; path = ASIDataDecompressor.m; sourceTree = "<group>"; };
		F7648A03170D2B90001357A0 /* ASIDownloadCache.h */ = {isa = PBXFileReference; fileEncoding = 4; lastKnownFileType = sourcecode.c.h; path = ASIDownloadCache.h; sourceTree = "<group>"; };
		F7648A04170D2B90001357A0 /* ASIDownloadCache.m */ = {isa = PBXFileReference; fileEncoding = 4; lastKnownFileType = sourcecode.c.objc; path = ASIDownloadCache.m; sourceTree = "<group>"; };
		F7648A05170D2B90001357A0 /* ASIFormDataRequest.h */ = {isa = PBXFileReference; fileEncoding = 4; lastKnownFileType = sourcecode.c.h; path = ASIFormDataRequest.h; sourceTree = "<group>"; };
		F7648A06170D2B90001357A0 /* ASIFormDataRequest.m */ = {isa = PBXFileReference; fileEncoding = 4; lastKnownFileType = sourcecode.c.objc; path = ASIFormDataRequest.m; sourceTree = "<group>"; };
		F7648A07170D2B90001357A0 /* ASIHTTPRequest.h */ = {isa = PBXFileReference; fileEncoding = 4; lastKnownFileType = sourcecode.c.h; path = ASIHTTPRequest.h; sourceTree = "<group>"; };
		F7648A08170D2B90001357A0 /* ASIHTTPRequest.m */ = {isa = PBXFileReference; fileEncoding = 4; lastKnownFileType = sourcecode.c.objc; path = ASIHTTPRequest.m; sourceTree = "<group>"; };
		F7648A09170D2B90001357A0 /* ASIHTTPRequestConfig.h */ = {isa = PBXFileReference; fileEncoding = 4; lastKnownFileType = sourcecode.c.h; path = ASIHTTPRequestConfig.h; sourceTree = "<group>"; };
		F7648A0A170D2B90001357A0 /* ASIHTTPRequestDelegate.h */ = {isa = PBXFileReference; fileEncoding = 4; lastKnownFileType = sourcecode.c.h; path = ASIHTTPRequestDelegate.h; sourceTree = "<group>"; };
		F7648A0B170D2B90001357A0 /* ASIInputStream.h */ = {isa = PBXFileReference; fileEncoding = 4; lastKnownFileType = sourcecode.c.h; path = ASIInputStream.h; sourceTree = "<group>"; };
		F7648A0C170D2B90001357A0 /* ASIInputStream.m */ = {isa = PBXFileReference; fileEncoding = 4; lastKnownFileType = sourcecode.c.objc; path = ASIInputStream.m; sourceTree = "<group>"; };
		F7648A0D170D2B90001357A0 /* ASINetworkQueue.h */ = {isa = PBXFileReference; fileEncoding = 4; lastKnownFileType = sourcecode.c.h; path = ASINetworkQueue.h; sourceTree = "<group>"; };
		F7648A0E170D2B90001357A0 /* ASINetworkQueue.m */ = {isa = PBXFileReference; fileEncoding = 4; lastKnownFileType = sourcecode.c.objc; path = ASINetworkQueue.m; sourceTree = "<group>"; };
		F7648A0F170D2B90001357A0 /* ASIProgressDelegate.h */ = {isa = PBXFileReference; fileEncoding = 4; lastKnownFileType = sourcecode.c.h; path = ASIProgressDelegate.h; sourceTree = "<group>"; };
		F7648A17170D2B9C001357A0 /* CFNetwork.framework */ = {isa = PBXFileReference; lastKnownFileType = wrapper.framework; name = CFNetwork.framework; path = System/Library/Frameworks/CFNetwork.framework; sourceTree = SDKROOT; };
		F7648A19170D2BAA001357A0 /* SystemConfiguration.framework */ = {isa = PBXFileReference; lastKnownFileType = wrapper.framework; name = SystemConfiguration.framework; path = System/Library/Frameworks/SystemConfiguration.framework; sourceTree = SDKROOT; };
		F7648A1B170D2BDA001357A0 /* CoreGraphics.framework */ = {isa = PBXFileReference; lastKnownFileType = wrapper.framework; name = CoreGraphics.framework; path = System/Library/Frameworks/CoreGraphics.framework; sourceTree = SDKROOT; };
		F7648A1D170D2BE6001357A0 /* libz.dylib */ = {isa = PBXFileReference; lastKnownFileType = "compiled.mach-o.dylib"; name = libz.dylib; path = usr/lib/libz.dylib; sourceTree = SDKROOT; };
		F7648A1F170D2C2F001357A0 /* CoreServices.framework */ = {isa = PBXFileReference; lastKnownFileType = wrapper.framework; name = CoreServices.framework; path = System/Library/Frameworks/CoreServices.framework; sourceTree = SDKROOT; };
		F7F2B94A16FD58B100800DA5 /* PanicButton.app */ = {isa = PBXFileReference; explicitFileType = wrapper.application; includeInIndex = 0; path = PanicButton.app; sourceTree = BUILT_PRODUCTS_DIR; };
		F7F2B94D16FD58B100800DA5 /* Cocoa.framework */ = {isa = PBXFileReference; lastKnownFileType = wrapper.framework; name = Cocoa.framework; path = System/Library/Frameworks/Cocoa.framework; sourceTree = SDKROOT; };
		F7F2B95016FD58B100800DA5 /* AppKit.framework */ = {isa = PBXFileReference; lastKnownFileType = wrapper.framework; name = AppKit.framework; path = System/Library/Frameworks/AppKit.framework; sourceTree = SDKROOT; };
		F7F2B95116FD58B100800DA5 /* CoreData.framework */ = {isa = PBXFileReference; lastKnownFileType = wrapper.framework; name = CoreData.framework; path = System/Library/Frameworks/CoreData.framework; sourceTree = SDKROOT; };
		F7F2B95216FD58B100800DA5 /* Foundation.framework */ = {isa = PBXFileReference; lastKnownFileType = wrapper.framework; name = Foundation.framework; path = System/Library/Frameworks/Foundation.framework; sourceTree = SDKROOT; };
		F7F2B95516FD58B100800DA5 /* PanicButton-Info.plist */ = {isa = PBXFileReference; lastKnownFileType = text.plist.xml; path = "PanicButton-Info.plist"; sourceTree = "<group>"; };
		F7F2B95716FD58B100800DA5 /* en */ = {isa = PBXFileReference; lastKnownFileType = text.plist.strings; name = en; path = en.lproj/InfoPlist.strings; sourceTree = "<group>"; };
		F7F2B95916FD58B100800DA5 /* main.m */ = {isa = PBXFileReference; lastKnownFileType = sourcecode.c.objc; path = main.m; sourceTree = "<group>"; };
		F7F2B95B16FD58B100800DA5 /* PanicButton-Prefix.pch */ = {isa = PBXFileReference; lastKnownFileType = sourcecode.c.h; path = "PanicButton-Prefix.pch"; sourceTree = "<group>"; };
		F7F2B95D16FD58B100800DA5 /* en */ = {isa = PBXFileReference; lastKnownFileType = text.rtf; name = en; path = en.lproj/Credits.rtf; sourceTree = "<group>"; };
		F7F2B95F16FD58B100800DA5 /* AppDelegate.h */ = {isa = PBXFileReference; lastKnownFileType = sourcecode.c.h; path = AppDelegate.h; sourceTree = "<group>"; };
		F7F2B96016FD58B100800DA5 /* AppDelegate.m */ = {isa = PBXFileReference; lastKnownFileType = sourcecode.c.objc; path = AppDelegate.m; sourceTree = "<group>"; };
		F7F2B96316FD58B100800DA5 /* en */ = {isa = PBXFileReference; lastKnownFileType = file.xib; name = en; path = en.lproj/MainMenu.xib; sourceTree = "<group>"; };
/* End PBXFileReference section */

/* Begin PBXFrameworksBuildPhase section */
		F7F2B94716FD58B100800DA5 /* Frameworks */ = {
			isa = PBXFrameworksBuildPhase;
			buildActionMask = 2147483647;
			files = (
				F7648A21170D2C4F001357A0 /* libz.dylib in Frameworks */,
				F7648A20170D2C2F001357A0 /* CoreServices.framework in Frameworks */,
				F7648A1A170D2BAA001357A0 /* SystemConfiguration.framework in Frameworks */,
				F75A98051708C38800B8F330 /* CoreAudio.framework in Frameworks */,
				F75A98031708C37C00B8F330 /* IOKit.framework in Frameworks */,
				F7F2B94E16FD58B100800DA5 /* Cocoa.framework in Frameworks */,
			);
			runOnlyForDeploymentPostprocessing = 0;
		};
/* End PBXFrameworksBuildPhase section */

/* Begin PBXGroup section */
		F76489FD170D2B07001357A0 /* ASINetwork */ = {
			isa = PBXGroup;
			children = (
				F76489FE170D2B90001357A0 /* ASICacheDelegate.h */,
				F76489FF170D2B90001357A0 /* ASIDataCompressor.h */,
				F7648A00170D2B90001357A0 /* ASIDataCompressor.m */,
				F7648A01170D2B90001357A0 /* ASIDataDecompressor.h */,
				F7648A02170D2B90001357A0 /* ASIDataDecompressor.m */,
				F7648A03170D2B90001357A0 /* ASIDownloadCache.h */,
				F7648A04170D2B90001357A0 /* ASIDownloadCache.m */,
				F7648A05170D2B90001357A0 /* ASIFormDataRequest.h */,
				F7648A06170D2B90001357A0 /* ASIFormDataRequest.m */,
				F7648A07170D2B90001357A0 /* ASIHTTPRequest.h */,
				F7648A08170D2B90001357A0 /* ASIHTTPRequest.m */,
				F7648A09170D2B90001357A0 /* ASIHTTPRequestConfig.h */,
				F7648A0A170D2B90001357A0 /* ASIHTTPRequestDelegate.h */,
				F7648A0B170D2B90001357A0 /* ASIInputStream.h */,
				F7648A0C170D2B90001357A0 /* ASIInputStream.m */,
				F7648A0D170D2B90001357A0 /* ASINetworkQueue.h */,
				F7648A0E170D2B90001357A0 /* ASINetworkQueue.m */,
				F7648A0F170D2B90001357A0 /* ASIProgressDelegate.h */,
			);
			name = ASINetwork;
			sourceTree = "<group>";
		};
		F7F2B94116FD58B100800DA5 = {
			isa = PBXGroup;
			children = (
				F7648A1F170D2C2F001357A0 /* CoreServices.framework */,
				F7648A1D170D2BE6001357A0 /* libz.dylib */,
				F7648A1B170D2BDA001357A0 /* CoreGraphics.framework */,
				F7648A19170D2BAA001357A0 /* SystemConfiguration.framework */,
				F7648A17170D2B9C001357A0 /* CFNetwork.framework */,
				F7F2B95316FD58B100800DA5 /* PanicButton */,
				F7F2B94C16FD58B100800DA5 /* Frameworks */,
				F7F2B94B16FD58B100800DA5 /* Products */,
			);
			sourceTree = "<group>";
		};
		F7F2B94B16FD58B100800DA5 /* Products */ = {
			isa = PBXGroup;
			children = (
				F7F2B94A16FD58B100800DA5 /* PanicButton.app */,
			);
			name = Products;
			sourceTree = "<group>";
		};
		F7F2B94C16FD58B100800DA5 /* Frameworks */ = {
			isa = PBXGroup;
			children = (
				F75A98041708C38800B8F330 /* CoreAudio.framework */,
				F75A98021708C37C00B8F330 /* IOKit.framework */,
				F7F2B94D16FD58B100800DA5 /* Cocoa.framework */,
				F7F2B94F16FD58B100800DA5 /* Other Frameworks */,
			);
			name = Frameworks;
			sourceTree = "<group>";
		};
		F7F2B94F16FD58B100800DA5 /* Other Frameworks */ = {
			isa = PBXGroup;
			children = (
				F7F2B95016FD58B100800DA5 /* AppKit.framework */,
				F7F2B95116FD58B100800DA5 /* CoreData.framework */,
				F7F2B95216FD58B100800DA5 /* Foundation.framework */,
			);
			name = "Other Frameworks";
			sourceTree = "<group>";
		};
		F7F2B95316FD58B100800DA5 /* PanicButton */ = {
			isa = PBXGroup;
			children = (
				F7F2B95F16FD58B100800DA5 /* AppDelegate.h */,
				F7F2B96016FD58B100800DA5 /* AppDelegate.m */,
				F7F2B96216FD58B100800DA5 /* MainMenu.xib */,
				F7F2B95416FD58B100800DA5 /* Supporting Files */,
				F75A97F91708048900B8F330 /* PanicRoom.h */,
				F75A97FA1708048900B8F330 /* PanicRoom.m */,
				F75A97FC1708058600B8F330 /* PanicButton.h */,
				F75A97FD1708058600B8F330 /* PanicButton.m */,
				F75A97FF170805BA00B8F330 /* VolumeKnob.h */,
				F75A9800170805BA00B8F330 /* VolumeKnob.m */,
			);
			path = PanicButton;
			sourceTree = "<group>";
		};
		F7F2B95416FD58B100800DA5 /* Supporting Files */ = {
			isa = PBXGroup;
			children = (
				F76489FD170D2B07001357A0 /* ASINetwork */,
				F7F2B95516FD58B100800DA5 /* PanicButton-Info.plist */,
				F7F2B95616FD58B100800DA5 /* InfoPlist.strings */,
				F7F2B95916FD58B100800DA5 /* main.m */,
				F7F2B95B16FD58B100800DA5 /* PanicButton-Prefix.pch */,
				F7F2B95C16FD58B100800DA5 /* Credits.rtf */,
			);
			name = "Supporting Files";
			sourceTree = "<group>";
		};
/* End PBXGroup section */

/* Begin PBXNativeTarget section */
		F7F2B94916FD58B100800DA5 /* PanicButton */ = {
			isa = PBXNativeTarget;
			buildConfigurationList = F7F2B96716FD58B100800DA5 /* Build configuration list for PBXNativeTarget "PanicButton" */;
			buildPhases = (
				F7F2B94616FD58B100800DA5 /* Sources */,
				F7F2B94716FD58B100800DA5 /* Frameworks */,
				F7F2B94816FD58B100800DA5 /* Resources */,
			);
			buildRules = (
			);
			dependencies = (
			);
			name = PanicButton;
			productName = PanicButton;
			productReference = F7F2B94A16FD58B100800DA5 /* PanicButton.app */;
			productType = "com.apple.product-type.application";
		};
/* End PBXNativeTarget section */

/* Begin PBXProject section */
		F7F2B94216FD58B100800DA5 /* Project object */ = {
			isa = PBXProject;
			attributes = {
				LastUpgradeCheck = 0460;
				ORGANIZATIONNAME = "Tim Jarratt";
			};
			buildConfigurationList = F7F2B94516FD58B100800DA5 /* Build configuration list for PBXProject "PanicButton" */;
			compatibilityVersion = "Xcode 3.2";
			developmentRegion = English;
			hasScannedForEncodings = 0;
			knownRegions = (
				en,
			);
			mainGroup = F7F2B94116FD58B100800DA5;
			productRefGroup = F7F2B94B16FD58B100800DA5 /* Products */;
			projectDirPath = "";
			projectRoot = "";
			targets = (
				F7F2B94916FD58B100800DA5 /* PanicButton */,
			);
		};
/* End PBXProject section */

/* Begin PBXResourcesBuildPhase section */
		F7F2B94816FD58B100800DA5 /* Resources */ = {
			isa = PBXResourcesBuildPhase;
			buildActionMask = 2147483647;
			files = (
				F7F2B95816FD58B100800DA5 /* InfoPlist.strings in Resources */,
				F7F2B95E16FD58B100800DA5 /* Credits.rtf in Resources */,
				F7F2B96416FD58B100800DA5 /* MainMenu.xib in Resources */,
			);
			runOnlyForDeploymentPostprocessing = 0;
		};
/* End PBXResourcesBuildPhase section */

/* Begin PBXSourcesBuildPhase section */
		F7F2B94616FD58B100800DA5 /* Sources */ = {
			isa = PBXSourcesBuildPhase;
			buildActionMask = 2147483647;
			files = (
				F7F2B95A16FD58B100800DA5 /* main.m in Sources */,
				F7F2B96116FD58B100800DA5 /* AppDelegate.m in Sources */,
				F75A97FB1708048900B8F330 /* PanicRoom.m in Sources */,
				F75A97FE1708058600B8F330 /* PanicButton.m in Sources */,
				F75A9801170805BA00B8F330 /* VolumeKnob.m in Sources */,
				F7648A10170D2B90001357A0 /* ASIDataCompressor.m in Sources */,
				F7648A11170D2B90001357A0 /* ASIDataDecompressor.m in Sources */,
				F7648A12170D2B90001357A0 /* ASIDownloadCache.m in Sources */,
				F7648A13170D2B90001357A0 /* ASIFormDataRequest.m in Sources */,
				F7648A14170D2B90001357A0 /* ASIHTTPRequest.m in Sources */,
				F7648A15170D2B90001357A0 /* ASIInputStream.m in Sources */,
				F7648A16170D2B90001357A0 /* ASINetworkQueue.m in Sources */,
			);
			runOnlyForDeploymentPostprocessing = 0;
		};
/* End PBXSourcesBuildPhase section */

/* Begin PBXVariantGroup section */
		F7F2B95616FD58B100800DA5 /* InfoPlist.strings */ = {
			isa = PBXVariantGroup;
			children = (
				F7F2B95716FD58B100800DA5 /* en */,
			);
			name = InfoPlist.strings;
			sourceTree = "<group>";
		};
		F7F2B95C16FD58B100800DA5 /* Credits.rtf */ = {
			isa = PBXVariantGroup;
			children = (
				F7F2B95D16FD58B100800DA5 /* en */,
			);
			name = Credits.rtf;
			sourceTree = "<group>";
		};
		F7F2B96216FD58B100800DA5 /* MainMenu.xib */ = {
			isa = PBXVariantGroup;
			children = (
				F7F2B96316FD58B100800DA5 /* en */,
			);
			name = MainMenu.xib;
			sourceTree = "<group>";
		};
/* End PBXVariantGroup section */

/* Begin XCBuildConfiguration section */
		F7F2B96516FD58B100800DA5 /* Debug */ = {
			isa = XCBuildConfiguration;
			buildSettings = {
				ALWAYS_SEARCH_USER_PATHS = NO;
				ARCHS = "$(ARCHS_STANDARD_64_BIT)";
				CLANG_CXX_LANGUAGE_STANDARD = "gnu++0x";
				CLANG_CXX_LIBRARY = "libc++";
				CLANG_ENABLE_OBJC_ARC = YES;
				CLANG_WARN_CONSTANT_CONVERSION = YES;
				CLANG_WARN_EMPTY_BODY = YES;
				CLANG_WARN_ENUM_CONVERSION = YES;
				CLANG_WARN_INT_CONVERSION = YES;
				CLANG_WARN__DUPLICATE_METHOD_MATCH = YES;
				COPY_PHASE_STRIP = NO;
				GCC_C_LANGUAGE_STANDARD = gnu99;
				GCC_DYNAMIC_NO_PIC = NO;
				GCC_ENABLE_OBJC_EXCEPTIONS = YES;
				GCC_OPTIMIZATION_LEVEL = 0;
				GCC_PREPROCESSOR_DEFINITIONS = (
					"DEBUG=1",
					"$(inherited)",
				);
				GCC_SYMBOLS_PRIVATE_EXTERN = NO;
				GCC_WARN_64_TO_32_BIT_CONVERSION = YES;
				GCC_WARN_ABOUT_RETURN_TYPE = YES;
				GCC_WARN_UNINITIALIZED_AUTOS = YES;
				GCC_WARN_UNUSED_VARIABLE = YES;
				MACOSX_DEPLOYMENT_TARGET = 10.6;
				ONLY_ACTIVE_ARCH = YES;
				SDKROOT = macosx;
			};
			name = Debug;
		};
		F7F2B96616FD58B100800DA5 /* Release */ = {
			isa = XCBuildConfiguration;
			buildSettings = {
				ALWAYS_SEARCH_USER_PATHS = NO;
				ARCHS = "$(ARCHS_STANDARD_64_BIT)";
				CLANG_CXX_LANGUAGE_STANDARD = "gnu++0x";
				CLANG_CXX_LIBRARY = "libc++";
				CLANG_ENABLE_OBJC_ARC = YES;
				CLANG_WARN_CONSTANT_CONVERSION = YES;
				CLANG_WARN_EMPTY_BODY = YES;
				CLANG_WARN_ENUM_CONVERSION = YES;
				CLANG_WARN_INT_CONVERSION = YES;
				CLANG_WARN__DUPLICATE_METHOD_MATCH = YES;
				COPY_PHASE_STRIP = YES;
				DEBUG_INFORMATION_FORMAT = "dwarf-with-dsym";
				GCC_C_LANGUAGE_STANDARD = gnu99;
				GCC_ENABLE_OBJC_EXCEPTIONS = YES;
				GCC_WARN_64_TO_32_BIT_CONVERSION = YES;
				GCC_WARN_ABOUT_RETURN_TYPE = YES;
				GCC_WARN_UNINITIALIZED_AUTOS = YES;
				GCC_WARN_UNUSED_VARIABLE = YES;
				MACOSX_DEPLOYMENT_TARGET = 10.6;
				SDKROOT = macosx;
			};
			name = Release;
		};
		F7F2B96816FD58B100800DA5 /* Debug */ = {
			isa = XCBuildConfiguration;
			buildSettings = {
				CLANG_ENABLE_OBJC_ARC = NO;
				COMBINE_HIDPI_IMAGES = YES;
				GCC_PRECOMPILE_PREFIX_HEADER = YES;
				GCC_PREFIX_HEADER = "PanicButton/PanicButton-Prefix.pch";
				INFOPLIST_FILE = "PanicButton/PanicButton-Info.plist";
				PRODUCT_NAME = "$(TARGET_NAME)";
				WRAPPER_EXTENSION = app;
			};
			name = Debug;
		};
		F7F2B96916FD58B100800DA5 /* Release */ = {
			isa = XCBuildConfiguration;
			buildSettings = {
				CLANG_ENABLE_OBJC_ARC = NO;
				COMBINE_HIDPI_IMAGES = YES;
				GCC_PRECOMPILE_PREFIX_HEADER = YES;
				GCC_PREFIX_HEADER = "PanicButton/PanicButton-Prefix.pch";
				INFOPLIST_FILE = "PanicButton/PanicButton-Info.plist";
				PRODUCT_NAME = "$(TARGET_NAME)";
				WRAPPER_EXTENSION = app;
			};
			name = Release;
		};
/* End XCBuildConfiguration section */

/* Begin XCConfigurationList section */
		F7F2B94516FD58B100800DA5 /* Build configuration list for PBXProject "PanicButton" */ = {
			isa = XCConfigurationList;
			buildConfigurations = (
				F7F2B96516FD58B100800DA5 /* Debug */,
				F7F2B96616FD58B100800DA5 /* Release */,
			);
			defaultConfigurationIsVisible = 0;
			defaultConfigurationName = Release;
		};
		F7F2B96716FD58B100800DA5 /* Build configuration list for PBXNativeTarget "PanicButton" */ = {
			isa = XCConfigurationList;
			buildConfigurations = (
				F7F2B96816FD58B100800DA5 /* Debug */,
				F7F2B96916FD58B100800DA5 /* Release */,
			);
			defaultConfigurationIsVisible = 0;
			defaultConfigurationName = Release;
		};
/* End XCConfigurationList section */
	};
	rootObject = F7F2B94216FD58B100800DA5 /* Project object */;
}
